// !$*UTF8*$!
{
	archiveVersion = 1;
	classes = {
	};
	objectVersion = 45;
	objects = {

/* Begin PBXBuildFile section */
		8D15AC340486D014006FF6A4 /* Cocoa.framework in Frameworks */ = {isa = PBXBuildFile; fileRef = 1058C7A7FEA54F5311CA2CBB /* Cocoa.framework */; };
		9D04AF970D99CFAF00D5E1C3 /* Sparkle.framework in CopyFiles */ = {isa = PBXBuildFile; fileRef = 9D7259600D99CD1800326CAF /* Sparkle.framework */; };
		9D1B50E40E8FE9F3005C260E /* TaskCommand.m in Sources */ = {isa = PBXBuildFile; fileRef = 9D1B50E30E8FE9F3005C260E /* TaskCommand.m */; };
		9D5D59040E36706B00E46126 /* NSProgressIndicator+Thread.m in Sources */ = {isa = PBXBuildFile; fileRef = 9D5D59030E36706B00E46126 /* NSProgressIndicator+Thread.m */; };
		9D7259440D99CC7B00326CAF /* AppController.m in Sources */ = {isa = PBXBuildFile; fileRef = 9D72593E0D99CC7B00326CAF /* AppController.m */; };
		9D7259450D99CC7B00326CAF /* main.m in Sources */ = {isa = PBXBuildFile; fileRef = 9D72593F0D99CC7B00326CAF /* main.m */; };
		9D7259460D99CC7B00326CAF /* MyDocument.m in Sources */ = {isa = PBXBuildFile; fileRef = 9D7259410D99CC7B00326CAF /* MyDocument.m */; };
		9D7259610D99CD1800326CAF /* Sparkle.framework in Frameworks */ = {isa = PBXBuildFile; fileRef = 9D7259600D99CD1800326CAF /* Sparkle.framework */; };
		9D8E2CC50E4F29DF001CDF63 /* App.icns in Resources */ = {isa = PBXBuildFile; fileRef = 9D8E2CC40E4F29DF001CDF63 /* App.icns */; };
		9D8E2CC80E4F29EF001CDF63 /* Credits.rtf in Resources */ = {isa = PBXBuildFile; fileRef = 9D8E2CC70E4F29EF001CDF63 /* Credits.rtf */; };
		9D8E2CCA0E4F2A03001CDF63 /* MainMenu.nib in Resources */ = {isa = PBXBuildFile; fileRef = 9D8E2CC90E4F2A03001CDF63 /* MainMenu.nib */; };
		9D8E2CCC0E4F2A0E001CDF63 /* MyDocument.nib in Resources */ = {isa = PBXBuildFile; fileRef = 9D8E2CCB0E4F2A0E001CDF63 /* MyDocument.nib */; };
		9DB56B320E905B680044BC4B /* uif2iso in Resources */ = {isa = PBXBuildFile; fileRef = 9DB56B310E905B680044BC4B /* uif2iso */; };
		9DF81ED70DEAC40600F2EA54 /* FeedbackReporter.framework in Frameworks */ = {isa = PBXBuildFile; fileRef = 9DF81ED60DEAC40600F2EA54 /* FeedbackReporter.framework */; };
		9DF81EDC0DEAC40F00F2EA54 /* FeedbackReporter.framework in CopyFiles */ = {isa = PBXBuildFile; fileRef = 9DF81ED60DEAC40600F2EA54 /* FeedbackReporter.framework */; };
/* End PBXBuildFile section */

/* Begin PBXCopyFilesBuildPhase section */
		9D04AF900D99CF5600D5E1C3 /* CopyFiles */ = {
			isa = PBXCopyFilesBuildPhase;
			buildActionMask = 2147483647;
			dstPath = "";
			dstSubfolderSpec = 10;
			files = (
				9DF81EDC0DEAC40F00F2EA54 /* FeedbackReporter.framework in CopyFiles */,
				9D04AF970D99CFAF00D5E1C3 /* Sparkle.framework in CopyFiles */,
			);
			runOnlyForDeploymentPostprocessing = 0;
		};
/* End PBXCopyFilesBuildPhase section */

/* Begin PBXFileReference section */
		1058C7A7FEA54F5311CA2CBB /* Cocoa.framework */ = {isa = PBXFileReference; lastKnownFileType = wrapper.framework; name = Cocoa.framework; path = /System/Library/Frameworks/Cocoa.framework; sourceTree = "<absolute>"; };
		13E42FBA07B3F13500E4EEF1 /* CoreData.framework */ = {isa = PBXFileReference; lastKnownFileType = wrapper.framework; name = CoreData.framework; path = /System/Library/Frameworks/CoreData.framework; sourceTree = "<absolute>"; };
		2A37F4C4FDCFA73011CA2CEA /* AppKit.framework */ = {isa = PBXFileReference; lastKnownFileType = wrapper.framework; name = AppKit.framework; path = /System/Library/Frameworks/AppKit.framework; sourceTree = "<absolute>"; };
		2A37F4C5FDCFA73011CA2CEA /* Foundation.framework */ = {isa = PBXFileReference; lastKnownFileType = wrapper.framework; name = Foundation.framework; path = /System/Library/Frameworks/Foundation.framework; sourceTree = "<absolute>"; };
		8D15AC370486D014006FF6A4 /* uif2iso4mac.app */ = {isa = PBXFileReference; explicitFileType = wrapper.application; includeInIndex = 0; path = uif2iso4mac.app; sourceTree = BUILT_PRODUCTS_DIR; };
		9D1B50E20E8FE9F3005C260E /* TaskCommand.h */ = {isa = PBXFileReference; fileEncoding = 4; lastKnownFileType = sourcecode.c.h; name = TaskCommand.h; path = Sources/TaskCommand.h; sourceTree = "<group>"; };
		9D1B50E30E8FE9F3005C260E /* TaskCommand.m */ = {isa = PBXFileReference; fileEncoding = 4; lastKnownFileType = sourcecode.c.objc; name = TaskCommand.m; path = Sources/TaskCommand.m; sourceTree = "<group>"; };
		9D5D59020E36706B00E46126 /* NSProgressIndicator+Thread.h */ = {isa = PBXFileReference; fileEncoding = 4; lastKnownFileType = sourcecode.c.h; name = "NSProgressIndicator+Thread.h"; path = "Sources/NSProgressIndicator+Thread.h"; sourceTree = "<group>"; };
		9D5D59030E36706B00E46126 /* NSProgressIndicator+Thread.m */ = {isa = PBXFileReference; fileEncoding = 4; lastKnownFileType = sourcecode.c.objc; name = "NSProgressIndicator+Thread.m"; path = "Sources/NSProgressIndicator+Thread.m"; sourceTree = "<group>"; };
		9D72593D0D99CC7B00326CAF /* AppController.h */ = {isa = PBXFileReference; fileEncoding = 4; lastKnownFileType = sourcecode.c.h; name = AppController.h; path = Sources/AppController.h; sourceTree = SOURCE_ROOT; };
		9D72593E0D99CC7B00326CAF /* AppController.m */ = {isa = PBXFileReference; fileEncoding = 4; lastKnownFileType = sourcecode.c.objc; name = AppController.m; path = Sources/AppController.m; sourceTree = SOURCE_ROOT; };
		9D72593F0D99CC7B00326CAF /* main.m */ = {isa = PBXFileReference; fileEncoding = 4; lastKnownFileType = sourcecode.c.objc; name = main.m; path = Sources/main.m; sourceTree = "<group>"; };
		9D7259400D99CC7B00326CAF /* MyDocument.h */ = {isa = PBXFileReference; fileEncoding = 4; lastKnownFileType = sourcecode.c.h; name = MyDocument.h; path = Sources/MyDocument.h; sourceTree = SOURCE_ROOT; };
		9D7259410D99CC7B00326CAF /* MyDocument.m */ = {isa = PBXFileReference; fileEncoding = 4; lastKnownFileType = sourcecode.c.objc; name = MyDocument.m; path = Sources/MyDocument.m; sourceTree = SOURCE_ROOT; };
		9D7259600D99CD1800326CAF /* Sparkle.framework */ = {isa = PBXFileReference; lastKnownFileType = wrapper.framework; name = Sparkle.framework; path = Frameworks/Sparkle.framework; sourceTree = SOURCE_ROOT; };
		9D8E2CBC0E4F29D1001CDF63 /* English */ = {isa = PBXFileReference; lastKnownFileType = text.rtf; name = English; path = Resources/English.lproj/Credits.rtf; sourceTree = "<group>"; };
		9D8E2CBD0E4F29D1001CDF63 /* English */ = {isa = PBXFileReference; lastKnownFileType = wrapper.nib; name = English; path = Resources/English.lproj/MainMenu.nib; sourceTree = "<group>"; };
		9D8E2CBE0E4F29D1001CDF63 /* English */ = {isa = PBXFileReference; lastKnownFileType = wrapper.nib; name = English; path = Resources/English.lproj/MyDocument.nib; sourceTree = "<group>"; };
		9D8E2CBF0E4F29D1001CDF63 /* Info.plist */ = {isa = PBXFileReference; fileEncoding = 4; lastKnownFileType = text.plist.xml; name = Info.plist; path = Resources/Info.plist; sourceTree = "<group>"; };
		9D8E2CC40E4F29DF001CDF63 /* App.icns */ = {isa = PBXFileReference; lastKnownFileType = image.icns; name = App.icns; path = Resources/Images/App.icns; sourceTree = "<group>"; };
		9DB56B310E905B680044BC4B /* uif2iso */ = {isa = PBXFileReference; lastKnownFileType = "compiled.mach-o.executable"; name = uif2iso; path = Resources/uif2iso; sourceTree = SOURCE_ROOT; };
		9DF81ED60DEAC40600F2EA54 /* FeedbackReporter.framework */ = {isa = PBXFileReference; lastKnownFileType = wrapper.framework; name = FeedbackReporter.framework; path = Frameworks/FeedbackReporter.framework; sourceTree = SOURCE_ROOT; };
/* End PBXFileReference section */

/* Begin PBXFrameworksBuildPhase section */
		8D15AC330486D014006FF6A4 /* Frameworks */ = {
			isa = PBXFrameworksBuildPhase;
			buildActionMask = 2147483647;
			files = (
				8D15AC340486D014006FF6A4 /* Cocoa.framework in Frameworks */,
				9D7259610D99CD1800326CAF /* Sparkle.framework in Frameworks */,
				9DF81ED70DEAC40600F2EA54 /* FeedbackReporter.framework in Frameworks */,
			);
			runOnlyForDeploymentPostprocessing = 0;
		};
/* End PBXFrameworksBuildPhase section */

/* Begin PBXGroup section */
		1058C7A6FEA54F5311CA2CBB /* Linked Frameworks */ = {
			isa = PBXGroup;
			children = (
				1058C7A7FEA54F5311CA2CBB /* Cocoa.framework */,
			);
			name = "Linked Frameworks";
			sourceTree = "<group>";
		};
		1058C7A8FEA54F5311CA2CBB /* Other Frameworks */ = {
			isa = PBXGroup;
			children = (
				2A37F4C4FDCFA73011CA2CEA /* AppKit.framework */,
				13E42FBA07B3F13500E4EEF1 /* CoreData.framework */,
				2A37F4C5FDCFA73011CA2CEA /* Foundation.framework */,
			);
			name = "Other Frameworks";
			sourceTree = "<group>";
		};
		19C28FB0FE9D524F11CA2CBB /* Products */ = {
			isa = PBXGroup;
			children = (
				8D15AC370486D014006FF6A4 /* uif2iso4mac.app */,
			);
			name = Products;
			sourceTree = "<group>";
		};
		2A37F4AAFDCFA73011CA2CEA /* uif2iso */ = {
			isa = PBXGroup;
			children = (
				2A37F4ABFDCFA73011CA2CEA /* Classes */,
				2A37F4AFFDCFA73011CA2CEA /* Other Sources */,
				2A37F4B8FDCFA73011CA2CEA /* Resources */,
				2A37F4C3FDCFA73011CA2CEA /* Frameworks */,
				19C28FB0FE9D524F11CA2CBB /* Products */,
			);
			name = uif2iso;
			sourceTree = "<group>";
		};
		2A37F4ABFDCFA73011CA2CEA /* Classes */ = {
			isa = PBXGroup;
			children = (
				9D1B50E20E8FE9F3005C260E /* TaskCommand.h */,
				9D1B50E30E8FE9F3005C260E /* TaskCommand.m */,
				9D72593D0D99CC7B00326CAF /* AppController.h */,
				9D72593E0D99CC7B00326CAF /* AppController.m */,
				9D7259400D99CC7B00326CAF /* MyDocument.h */,
				9D7259410D99CC7B00326CAF /* MyDocument.m */,
				9D5D59020E36706B00E46126 /* NSProgressIndicator+Thread.h */,
				9D5D59030E36706B00E46126 /* NSProgressIndicator+Thread.m */,
			);
			name = Classes;
			sourceTree = "<group>";
		};
		2A37F4AFFDCFA73011CA2CEA /* Other Sources */ = {
			isa = PBXGroup;
			children = (
				9D72593F0D99CC7B00326CAF /* main.m */,
			);
			name = "Other Sources";
			sourceTree = "<group>";
		};
		2A37F4B8FDCFA73011CA2CEA /* Resources */ = {
			isa = PBXGroup;
			children = (
				9DB56B310E905B680044BC4B /* uif2iso */,
				9D8E2CC40E4F29DF001CDF63 /* App.icns */,
				9D8E2CC70E4F29EF001CDF63 /* Credits.rtf */,
				9D8E2CC90E4F2A03001CDF63 /* MainMenu.nib */,
				9D8E2CCB0E4F2A0E001CDF63 /* MyDocument.nib */,
				9D8E2CBF0E4F29D1001CDF63 /* Info.plist */,
			);
			name = Resources;
			sourceTree = "<group>";
		};
		2A37F4C3FDCFA73011CA2CEA /* Frameworks */ = {
			isa = PBXGroup;
			children = (
				9DF81ED60DEAC40600F2EA54 /* FeedbackReporter.framework */,
				9D7259600D99CD1800326CAF /* Sparkle.framework */,
				1058C7A6FEA54F5311CA2CBB /* Linked Frameworks */,
				1058C7A8FEA54F5311CA2CBB /* Other Frameworks */,
			);
			name = Frameworks;
			sourceTree = "<group>";
		};
/* End PBXGroup section */

/* Begin PBXNativeTarget section */
		8D15AC270486D014006FF6A4 /* uif2iso4mac */ = {
			isa = PBXNativeTarget;
			buildConfigurationList = C05733C708A9546B00998B17 /* Build configuration list for PBXNativeTarget "uif2iso4mac" */;
			buildPhases = (
				8D15AC2B0486D014006FF6A4 /* Resources */,
				8D15AC300486D014006FF6A4 /* Sources */,
				8D15AC330486D014006FF6A4 /* Frameworks */,
				9D04AF900D99CF5600D5E1C3 /* CopyFiles */,
			);
			buildRules = (
			);
			dependencies = (
			);
			name = uif2iso4mac;
			productInstallPath = "$(HOME)/Applications";
			productName = uif2iso;
			productReference = 8D15AC370486D014006FF6A4 /* uif2iso4mac.app */;
			productType = "com.apple.product-type.application";
		};
/* End PBXNativeTarget section */

/* Begin PBXProject section */
		2A37F4A9FDCFA73011CA2CEA /* Project object */ = {
			isa = PBXProject;
			buildConfigurationList = C05733CB08A9546B00998B17 /* Build configuration list for PBXProject "uif2iso4mac" */;
			compatibilityVersion = "Xcode 3.1";
			hasScannedForEncodings = 1;
			mainGroup = 2A37F4AAFDCFA73011CA2CEA /* uif2iso */;
			projectDirPath = "";
			projectRoot = "";
			targets = (
				8D15AC270486D014006FF6A4 /* uif2iso4mac */,
			);
		};
/* End PBXProject section */

/* Begin PBXResourcesBuildPhase section */
		8D15AC2B0486D014006FF6A4 /* Resources */ = {
			isa = PBXResourcesBuildPhase;
			buildActionMask = 2147483647;
			files = (
				9D8E2CC80E4F29EF001CDF63 /* Credits.rtf in Resources */,
				9D8E2CCA0E4F2A03001CDF63 /* MainMenu.nib in Resources */,
				9D8E2CCC0E4F2A0E001CDF63 /* MyDocument.nib in Resources */,
				9D8E2CC50E4F29DF001CDF63 /* App.icns in Resources */,
				9DB56B320E905B680044BC4B /* uif2iso in Resources */,
			);
			runOnlyForDeploymentPostprocessing = 0;
		};
/* End PBXResourcesBuildPhase section */

/* Begin PBXSourcesBuildPhase section */
		8D15AC300486D014006FF6A4 /* Sources */ = {
			isa = PBXSourcesBuildPhase;
			buildActionMask = 2147483647;
			files = (
				9D7259440D99CC7B00326CAF /* AppController.m in Sources */,
				9D7259450D99CC7B00326CAF /* main.m in Sources */,
				9D7259460D99CC7B00326CAF /* MyDocument.m in Sources */,
				9D5D59040E36706B00E46126 /* NSProgressIndicator+Thread.m in Sources */,
				9D1B50E40E8FE9F3005C260E /* TaskCommand.m in Sources */,
			);
			runOnlyForDeploymentPostprocessing = 0;
		};
/* End PBXSourcesBuildPhase section */

/* Begin PBXVariantGroup section */
		9D8E2CC70E4F29EF001CDF63 /* Credits.rtf */ = {
			isa = PBXVariantGroup;
			children = (
				9D8E2CBC0E4F29D1001CDF63 /* English */,
			);
			name = Credits.rtf;
			sourceTree = "<group>";
		};
		9D8E2CC90E4F2A03001CDF63 /* MainMenu.nib */ = {
			isa = PBXVariantGroup;
			children = (
				9D8E2CBD0E4F29D1001CDF63 /* English */,
			);
			name = MainMenu.nib;
			sourceTree = "<group>";
		};
		9D8E2CCB0E4F2A0E001CDF63 /* MyDocument.nib */ = {
			isa = PBXVariantGroup;
			children = (
				9D8E2CBE0E4F29D1001CDF63 /* English */,
			);
			name = MyDocument.nib;
			sourceTree = "<group>";
		};
/* End PBXVariantGroup section */

/* Begin XCBuildConfiguration section */
		C05733C808A9546B00998B17 /* Debug */ = {
			isa = XCBuildConfiguration;
			buildSettings = {
				ARCHS = "$(ARCHS_STANDARD_32_BIT)";
				COPY_PHASE_STRIP = NO;
				FRAMEWORK_SEARCH_PATHS = (
					"$(inherited)",
					"$(FRAMEWORK_SEARCH_PATHS_QUOTED_FOR_TARGET_1)",
					"$(FRAMEWORK_SEARCH_PATHS_QUOTED_FOR_TARGET_2)",
				);
				FRAMEWORK_SEARCH_PATHS_QUOTED_FOR_TARGET_1 = "\"$(SRCROOT)/Frameworks\"";
				FRAMEWORK_SEARCH_PATHS_QUOTED_FOR_TARGET_2 = "\"$(SRCROOT)/Frameworks\"";
				GCC_DYNAMIC_NO_PIC = NO;
				GCC_ENABLE_FIX_AND_CONTINUE = YES;
				GCC_MODEL_TUNING = G5;
				GCC_OPTIMIZATION_LEVEL = 0;
				INFOPLIST_FILE = Resources/Info.plist;
				INSTALL_PATH = "$(HOME)/Applications";
				OTHER_LDFLAGS = (
					"-lcrypto",
					"-lssl",
					"-lz",
				);
				PRODUCT_NAME = uif2iso4mac;
				WRAPPER_EXTENSION = app;
				ZERO_LINK = NO;
			};
			name = Debug;
		};
		C05733C908A9546B00998B17 /* Release */ = {
			isa = XCBuildConfiguration;
			buildSettings = {
				ARCHS = "$(ARCHS_STANDARD_32_BIT)";
				FRAMEWORK_SEARCH_PATHS = (
					"$(inherited)",
					"$(FRAMEWORK_SEARCH_PATHS_QUOTED_FOR_TARGET_1)",
					"$(FRAMEWORK_SEARCH_PATHS_QUOTED_FOR_TARGET_2)",
				);
				FRAMEWORK_SEARCH_PATHS_QUOTED_FOR_TARGET_1 = "\"$(SRCROOT)/Frameworks\"";
				FRAMEWORK_SEARCH_PATHS_QUOTED_FOR_TARGET_2 = "\"$(SRCROOT)/Frameworks\"";
				GCC_GENERATE_DEBUGGING_SYMBOLS = NO;
				GCC_MODEL_TUNING = G5;
				INFOPLIST_FILE = Resources/Info.plist;
				INSTALL_PATH = "$(HOME)/Applications";
				OTHER_LDFLAGS = (
					"-lcrypto",
					"-lssl",
					"-lz",
				);
				PRODUCT_NAME = uif2iso4mac;
				WRAPPER_EXTENSION = app;
				ZERO_LINK = NO;
			};
			name = Release;
		};
		C05733CC08A9546B00998B17 /* Debug */ = {
			isa = XCBuildConfiguration;
			buildSettings = {
				ARCHS = "$(ARCHS_STANDARD_32_64_BIT)";
				GCC_PREPROCESSOR_DEFINITIONS = (
					MACOSX,
					DEBUG,
				);
				GCC_WARN_ABOUT_RETURN_TYPE = YES;
				GCC_WARN_UNUSED_VARIABLE = YES;
				PREBINDING = NO;
				SDKROOT = macosx10.4;
			};
			name = Debug;
		};
		C05733CD08A9546B00998B17 /* Release */ = {
			isa = XCBuildConfiguration;
			buildSettings = {
				ARCHS = "$(ARCHS_STANDARD_32_64_BIT)";
				GCC_WARN_ABOUT_RETURN_TYPE = YES;
				GCC_WARN_UNUSED_VARIABLE = YES;
				PREBINDING = NO;
				SDKROOT = macosx10.4;
			};
			name = Release;
		};
/* End XCBuildConfiguration section */

/* Begin XCConfigurationList section */
		C05733C708A9546B00998B17 /* Build configuration list for PBXNativeTarget "uif2iso4mac" */ = {
			isa = XCConfigurationList;
			buildConfigurations = (
				C05733C808A9546B00998B17 /* Debug */,
				C05733C908A9546B00998B17 /* Release */,
			);
			defaultConfigurationIsVisible = 0;
			defaultConfigurationName = Release;
		};
		C05733CB08A9546B00998B17 /* Build configuration list for PBXProject "uif2iso4mac" */ = {
			isa = XCConfigurationList;
			buildConfigurations = (
				C05733CC08A9546B00998B17 /* Debug */,
				C05733CD08A9546B00998B17 /* Release */,
			);
			defaultConfigurationIsVisible = 0;
			defaultConfigurationName = Release;
		};
/* End XCConfigurationList section */
	};
	rootObject = 2A37F4A9FDCFA73011CA2CEA /* Project object */;
}
